<Solution>
  <Folder Name="/src/">
    <Project Path="src/Tessera.Benchmarks/Tessera.Benchmarks.csproj" />
    <Project Path="src/Tessera.Demo/Tessera.Demo.csproj" />
    <Project Path="src/Tessera/Tessera.csproj" />
  </Folder>
  <Folder Name="/tests/">
    <Project Path="tests/Tessera.Tests/Tessera.Tests.csproj" />
  </Folder>
</Solution>
